
Microsoft Visual Studio Solution File, Format Version 12.00
# Visual Studio Version 17
VisualStudioVersion = 17.8.34322.80
MinimumVisualStudioVersion = 10.0.40219.1
Project("{FAE04EC0-301F-11D3-BF4B-00C04F79EFBC}") = "classandobject1", "classandobject1.csproj", "{7C1777A7-6915-4983-A839-B4CB2C9B3000}"
EndProject
Global
	GlobalSection(SolutionConfigurationPlatforms) = preSolution
		Debug|Any CPU = Debug|Any CPU
		Release|Any CPU = Release|Any CPU
	EndGlobalSection
	GlobalSection(ProjectConfigurationPlatforms) = postSolution
		{7C1777A7-6915-4983-A839-B4CB2C9B3000}.Debug|Any CPU.ActiveCfg = Debug|Any CPU
		{7C1777A7-6915-4983-A839-B4CB2C9B3000}.Debug|Any CPU.Build.0 = Debug|Any CPU
		{7C1777A7-6915-4983-A839-B4CB2C9B3000}.Release|Any CPU.ActiveCfg = Release|Any CPU
		{7C1777A7-6915-4983-A839-B4CB2C9B3000}.Release|Any CPU.Build.0 = Release|Any CPU
	EndGlobalSection
	GlobalSection(SolutionProperties) = preSolution
		HideSolutionNode = FALSE
	EndGlobalSection
	GlobalSection(ExtensibilityGlobals) = postSolution
		SolutionGuid = {6016CC64-7BFA-491D-B53C-CEC5E89BDE27}
	EndGlobalSection
EndGlobal
